
Microsoft Visual Studio Solution File, Format Version 12.00
# Visual Studio Version 17
VisualStudioVersion = 17.9.34701.34
MinimumVisualStudioVersion = 10.0.40219.1
Project("{FAE04EC0-301F-11D3-BF4B-00C04F79EFBC}") = "Project_Users_Managers", "Project_Users_Managers\Project_Users_Managers.csproj", "{31B6320C-884E-471B-8756-D9E36CBBA663}"
EndProject
Global
	GlobalSection(SolutionConfigurationPlatforms) = preSolution
		Debug|Any CPU = Debug|Any CPU
		Release|Any CPU = Release|Any CPU
	EndGlobalSection
	GlobalSection(ProjectConfigurationPlatforms) = postSolution
		{31B6320C-884E-471B-8756-D9E36CBBA663}.Debug|Any CPU.ActiveCfg = Debug|Any CPU
		{31B6320C-884E-471B-8756-D9E36CBBA663}.Debug|Any CPU.Build.0 = Debug|Any CPU
		{31B6320C-884E-471B-8756-D9E36CBBA663}.Release|Any CPU.ActiveCfg = Release|Any CPU
		{31B6320C-884E-471B-8756-D9E36CBBA663}.Release|Any CPU.Build.0 = Release|Any CPU
	EndGlobalSection
	GlobalSection(SolutionProperties) = preSolution
		HideSolutionNode = FALSE
	EndGlobalSection
	GlobalSection(ExtensibilityGlobals) = postSolution
		SolutionGuid = {0D7B7E06-4E05-4CA9-88D9-4F540C22C57C}
	EndGlobalSection
EndGlobal
